
Microsoft Visual Studio Solution File, Format Version 12.00
# Visual Studio Version 17
VisualStudioVersion = 17.0.31903.59
MinimumVisualStudioVersion = 10.0.40219.1
Project("{FAE04EC0-301F-11D3-BF4B-00C04F79EFBC}") = "DBQueryApp", "DBQueryApp\DBQueryApp.csproj", "{E6D6BBD0-3D11-4F02-846B-7363609B1BF1}"
EndProject
Project("{FAE04EC0-301F-11D3-BF4B-00C04F79EFBC}") = "DBQueryApp.Tests", "DBQueryApp.Tests\DBQueryApp.Tests.csproj", "{80F9C340-D5ED-4E16-BA31-9C2C1500D5BB}"
EndProject
Global
	GlobalSection(SolutionConfigurationPlatforms) = preSolution
		Debug|Any CPU = Debug|Any CPU
		Release|Any CPU = Release|Any CPU
	EndGlobalSection
	GlobalSection(SolutionProperties) = preSolution
		HideSolutionNode = FALSE
	EndGlobalSection
	GlobalSection(ProjectConfigurationPlatforms) = postSolution
		{E6D6BBD0-3D11-4F02-846B-7363609B1BF1}.Debug|Any CPU.ActiveCfg = Debug|Any CPU
		{E6D6BBD0-3D11-4F02-846B-7363609B1BF1}.Debug|Any CPU.Build.0 = Debug|Any CPU
		{E6D6BBD0-3D11-4F02-846B-7363609B1BF1}.Release|Any CPU.ActiveCfg = Release|Any CPU
		{E6D6BBD0-3D11-4F02-846B-7363609B1BF1}.Release|Any CPU.Build.0 = Release|Any CPU
		{80F9C340-D5ED-4E16-BA31-9C2C1500D5BB}.Debug|Any CPU.ActiveCfg = Debug|Any CPU
		{80F9C340-D5ED-4E16-BA31-9C2C1500D5BB}.Debug|Any CPU.Build.0 = Debug|Any CPU
		{80F9C340-D5ED-4E16-BA31-9C2C1500D5BB}.Release|Any CPU.ActiveCfg = Release|Any CPU
		{80F9C340-D5ED-4E16-BA31-9C2C1500D5BB}.Release|Any CPU.Build.0 = Release|Any CPU
	EndGlobalSection
EndGlobal
